// !$*UTF8*$!
{
	archiveVersion = 1;
	classes = {
	};
	objectVersion = 55;
	objects = {

/* Begin PBXBuildFile section */
		4357AEAF28449C23005E7944 /* Color.xcassets in Resources */ = {isa = PBXBuildFile; fileRef = 4357AEAE28449C23005E7944 /* Color.xcassets */; };
		4357AEB128449D1C005E7944 /* TabBar.swift in Sources */ = {isa = PBXBuildFile; fileRef = 4357AEB028449D1C005E7944 /* TabBar.swift */; };
		4359CEA828503AB0001626D5 /* LocationManager.swift in Sources */ = {isa = PBXBuildFile; fileRef = 4359CEA728503AB0001626D5 /* LocationManager.swift */; };
		436FFFEF2844B634008011BD /* Stars.swift in Sources */ = {isa = PBXBuildFile; fileRef = 436FFFEE2844B634008011BD /* Stars.swift */; };
		436FFFF12845DFF1008011BD /* TabBarVM.swift in Sources */ = {isa = PBXBuildFile; fileRef = 436FFFF02845DFF0008011BD /* TabBarVM.swift */; };
		4384A0442844650C008BAB9F /* MaterialEffect.swift in Sources */ = {isa = PBXBuildFile; fileRef = 4384A0432844650C008BAB9F /* MaterialEffect.swift */; };
		4384A04728446A08008BAB9F /* BottomCurve.swift in Sources */ = {isa = PBXBuildFile; fileRef = 4384A04628446A08008BAB9F /* BottomCurve.swift */; };
		43B4521E283C990400A37758 /* Food_InformationApp.swift in Sources */ = {isa = PBXBuildFile; fileRef = 43B4521D283C990400A37758 /* Food_InformationApp.swift */; };
		43B45220283C990400A37758 /* ContentView.swift in Sources */ = {isa = PBXBuildFile; fileRef = 43B4521F283C990400A37758 /* ContentView.swift */; };
		43B45222283C990800A37758 /* Assets.xcassets in Resources */ = {isa = PBXBuildFile; fileRef = 43B45221283C990800A37758 /* Assets.xcassets */; };
		43B45225283C990800A37758 /* Preview Assets.xcassets in Resources */ = {isa = PBXBuildFile; fileRef = 43B45224283C990800A37758 /* Preview Assets.xcassets */; };
		43B45227283C990800A37758 /* Persistence.swift in Sources */ = {isa = PBXBuildFile; fileRef = 43B45226283C990800A37758 /* Persistence.swift */; };
		43B4522A283C990800A37758 /* Food_Information.xcdatamodeld in Sources */ = {isa = PBXBuildFile; fileRef = 43B45228283C990800A37758 /* Food_Information.xcdatamodeld */; };
		43B45234283C9B1500A37758 /* Home.swift in Sources */ = {isa = PBXBuildFile; fileRef = 43B45233283C9B1500A37758 /* Home.swift */; };
		43C94059283CA15C00DD047B /* AppDelegate.swift in Sources */ = {isa = PBXBuildFile; fileRef = 43C94058283CA15C00DD047B /* AppDelegate.swift */; };
		43C9405C283CA2CB00DD047B /* NetworkManager.swift in Sources */ = {isa = PBXBuildFile; fileRef = 43C9405B283CA2CB00DD047B /* NetworkManager.swift */; };
		43C9405E283CAAD600DD047B /* HomeVM.swift in Sources */ = {isa = PBXBuildFile; fileRef = 43C9405D283CAAD600DD047B /* HomeVM.swift */; };
		43C94060283CCBF700DD047B /* CoreLocation.framework in Frameworks */ = {isa = PBXBuildFile; fileRef = 43C9405F283CCBF700DD047B /* CoreLocation.framework */; };
/* End PBXBuildFile section */

/* Begin PBXFileReference section */
		4357AEAE28449C23005E7944 /* Color.xcassets */ = {isa = PBXFileReference; lastKnownFileType = folder.assetcatalog; path = Color.xcassets; sourceTree = "<group>"; };
		4357AEB028449D1C005E7944 /* TabBar.swift */ = {isa = PBXFileReference; lastKnownFileType = sourcecode.swift; path = TabBar.swift; sourceTree = "<group>"; };
		4359CEA728503AB0001626D5 /* LocationManager.swift */ = {isa = PBXFileReference; lastKnownFileType = sourcecode.swift; path = LocationManager.swift; sourceTree = "<group>"; };
		436FFFEE2844B634008011BD /* Stars.swift */ = {isa = PBXFileReference; lastKnownFileType = sourcecode.swift; path = Stars.swift; sourceTree = "<group>"; };
		436FFFF02845DFF0008011BD /* TabBarVM.swift */ = {isa = PBXFileReference; lastKnownFileType = sourcecode.swift; path = TabBarVM.swift; sourceTree = "<group>"; };
		4384A0432844650C008BAB9F /* MaterialEffect.swift */ = {isa = PBXFileReference; lastKnownFileType = sourcecode.swift; path = MaterialEffect.swift; sourceTree = "<group>"; };
		4384A04628446A08008BAB9F /* BottomCurve.swift */ = {isa = PBXFileReference; lastKnownFileType = sourcecode.swift; path = BottomCurve.swift; sourceTree = "<group>"; };
		43B4521A283C990400A37758 /* Food_Information.app */ = {isa = PBXFileReference; explicitFileType = wrapper.application; includeInIndex = 0; path = Food_Information.app; sourceTree = BUILT_PRODUCTS_DIR; };
		43B4521D283C990400A37758 /* Food_InformationApp.swift */ = {isa = PBXFileReference; lastKnownFileType = sourcecode.swift; path = Food_InformationApp.swift; sourceTree = "<group>"; };
		43B4521F283C990400A37758 /* ContentView.swift */ = {isa = PBXFileReference; lastKnownFileType = sourcecode.swift; path = ContentView.swift; sourceTree = "<group>"; };
		43B45221283C990800A37758 /* Assets.xcassets */ = {isa = PBXFileReference; lastKnownFileType = folder.assetcatalog; path = Assets.xcassets; sourceTree = "<group>"; };
		43B45224283C990800A37758 /* Preview Assets.xcassets */ = {isa = PBXFileReference; lastKnownFileType = folder.assetcatalog; path = "Preview Assets.xcassets"; sourceTree = "<group>"; };
		43B45226283C990800A37758 /* Persistence.swift */ = {isa = PBXFileReference; lastKnownFileType = sourcecode.swift; path = Persistence.swift; sourceTree = "<group>"; };
		43B45229283C990800A37758 /* Food_Information.xcdatamodel */ = {isa = PBXFileReference; lastKnownFileType = wrapper.xcdatamodel; path = Food_Information.xcdatamodel; sourceTree = "<group>"; };
		43B45233283C9B1500A37758 /* Home.swift */ = {isa = PBXFileReference; lastKnownFileType = sourcecode.swift; path = Home.swift; sourceTree = "<group>"; };
		43C94058283CA15C00DD047B /* AppDelegate.swift */ = {isa = PBXFileReference; lastKnownFileType = sourcecode.swift; path = AppDelegate.swift; sourceTree = "<group>"; };
		43C9405B283CA2CB00DD047B /* NetworkManager.swift */ = {isa = PBXFileReference; fileEncoding = 4; lastKnownFileType = sourcecode.swift; path = NetworkManager.swift; sourceTree = "<group>"; };
		43C9405D283CAAD600DD047B /* HomeVM.swift */ = {isa = PBXFileReference; lastKnownFileType = sourcecode.swift; path = HomeVM.swift; sourceTree = "<group>"; };
		43C9405F283CCBF700DD047B /* CoreLocation.framework */ = {isa = PBXFileReference; lastKnownFileType = wrapper.framework; name = CoreLocation.framework; path = System/Library/Frameworks/CoreLocation.framework; sourceTree = SDKROOT; };
		43C94061283CCE6600DD047B /* info.plist */ = {isa = PBXFileReference; lastKnownFileType = text.plist.xml; path = info.plist; sourceTree = "<group>"; };
/* End PBXFileReference section */

/* Begin PBXFrameworksBuildPhase section */
		43B45217283C990400A37758 /* Frameworks */ = {
			isa = PBXFrameworksBuildPhase;
			buildActionMask = 2147483647;
			files = (
				43C94060283CCBF700DD047B /* CoreLocation.framework in Frameworks */,
			);
			runOnlyForDeploymentPostprocessing = 0;
		};
/* End PBXFrameworksBuildPhase section */

/* Begin PBXGroup section */
		4357AEB228449EF9005E7944 /* Home */ = {
			isa = PBXGroup;
			children = (
				43B45233283C9B1500A37758 /* Home.swift */,
				436FFFEE2844B634008011BD /* Stars.swift */,
			);
			path = Home;
			sourceTree = "<group>";
		};
		4384A045284469F3008BAB9F /* TabBar */ = {
			isa = PBXGroup;
			children = (
				4384A0432844650C008BAB9F /* MaterialEffect.swift */,
				4384A04628446A08008BAB9F /* BottomCurve.swift */,
				4357AEB028449D1C005E7944 /* TabBar.swift */,
			);
			path = TabBar;
			sourceTree = "<group>";
		};
		43B45211283C990400A37758 = {
			isa = PBXGroup;
			children = (
				43B4521C283C990400A37758 /* Food_Information */,
				43B4521B283C990400A37758 /* Products */,
				4D9CDD33120ED4E17D2E1FCA /* Frameworks */,
			);
			sourceTree = "<group>";
		};
		43B4521B283C990400A37758 /* Products */ = {
			isa = PBXGroup;
			children = (
				43B4521A283C990400A37758 /* Food_Information.app */,
			);
			name = Products;
			sourceTree = "<group>";
		};
		43B4521C283C990400A37758 /* Food_Information */ = {
			isa = PBXGroup;
			children = (
				43C9405A283CA29400DD047B /* Manager */,
				43B45232283C9A8600A37758 /* Model */,
				43B45231283C9A7F00A37758 /* ViewModel */,
				43B45230283C9A7A00A37758 /* View */,
				43C94058283CA15C00DD047B /* AppDelegate.swift */,
				43B4521D283C990400A37758 /* Food_InformationApp.swift */,
				43B4521F283C990400A37758 /* ContentView.swift */,
				43B45226283C990800A37758 /* Persistence.swift */,
				43B45221283C990800A37758 /* Assets.xcassets */,
				4357AEAE28449C23005E7944 /* Color.xcassets */,
				43B45228283C990800A37758 /* Food_Information.xcdatamodeld */,
				43C94061283CCE6600DD047B /* info.plist */,
				43B45223283C990800A37758 /* Preview Content */,
			);
			path = Food_Information;
			sourceTree = "<group>";
		};
		43B45223283C990800A37758 /* Preview Content */ = {
			isa = PBXGroup;
			children = (
				43B45224283C990800A37758 /* Preview Assets.xcassets */,
			);
			path = "Preview Content";
			sourceTree = "<group>";
		};
		43B45230283C9A7A00A37758 /* View */ = {
			isa = PBXGroup;
			children = (
				4357AEB228449EF9005E7944 /* Home */,
				4384A045284469F3008BAB9F /* TabBar */,
			);
			path = View;
			sourceTree = "<group>";
		};
		43B45231283C9A7F00A37758 /* ViewModel */ = {
			isa = PBXGroup;
			children = (
				43C9405D283CAAD600DD047B /* HomeVM.swift */,
				436FFFF02845DFF0008011BD /* TabBarVM.swift */,
			);
			path = ViewModel;
			sourceTree = "<group>";
		};
		43B45232283C9A8600A37758 /* Model */ = {
			isa = PBXGroup;
			children = (
			);
			path = Model;
			sourceTree = "<group>";
		};
		43C9405A283CA29400DD047B /* Manager */ = {
			isa = PBXGroup;
			children = (
				43C9405B283CA2CB00DD047B /* NetworkManager.swift */,
				4359CEA728503AB0001626D5 /* LocationManager.swift */,
			);
			path = Manager;
			sourceTree = "<group>";
		};
		4D9CDD33120ED4E17D2E1FCA /* Frameworks */ = {
			isa = PBXGroup;
			children = (
				43C9405F283CCBF700DD047B /* CoreLocation.framework */,
			);
			name = Frameworks;
			sourceTree = "<group>";
		};
/* End PBXGroup section */

/* Begin PBXNativeTarget section */
		43B45219283C990400A37758 /* Food_Information */ = {
			isa = PBXNativeTarget;
			buildConfigurationList = 43B4522D283C990800A37758 /* Build configuration list for PBXNativeTarget "Food_Information" */;
			buildPhases = (
				43B45216283C990400A37758 /* Sources */,
				43B45217283C990400A37758 /* Frameworks */,
				43B45218283C990400A37758 /* Resources */,
			);
			buildRules = (
			);
			dependencies = (
			);
			name = Food_Information;
			productName = Food_Information;
			productReference = 43B4521A283C990400A37758 /* Food_Information.app */;
			productType = "com.apple.product-type.application";
		};
/* End PBXNativeTarget section */

/* Begin PBXProject section */
		43B45212283C990400A37758 /* Project object */ = {
			isa = PBXProject;
			attributes = {
				BuildIndependentTargetsInParallel = 1;
				LastSwiftUpdateCheck = 1330;
				LastUpgradeCheck = 1330;
				TargetAttributes = {
					43B45219283C990400A37758 = {
						CreatedOnToolsVersion = 13.3.1;
					};
				};
			};
			buildConfigurationList = 43B45215283C990400A37758 /* Build configuration list for PBXProject "Food_Information" */;
			compatibilityVersion = "Xcode 13.0";
			developmentRegion = en;
			hasScannedForEncodings = 0;
			knownRegions = (
				en,
				Base,
			);
			mainGroup = 43B45211283C990400A37758;
			productRefGroup = 43B4521B283C990400A37758 /* Products */;
			projectDirPath = "";
			projectRoot = "";
			targets = (
				43B45219283C990400A37758 /* Food_Information */,
			);
		};
/* End PBXProject section */

/* Begin PBXResourcesBuildPhase section */
		43B45218283C990400A37758 /* Resources */ = {
			isa = PBXResourcesBuildPhase;
			buildActionMask = 2147483647;
			files = (
				43B45225283C990800A37758 /* Preview Assets.xcassets in Resources */,
				43B45222283C990800A37758 /* Assets.xcassets in Resources */,
				4357AEAF28449C23005E7944 /* Color.xcassets in Resources */,
			);
			runOnlyForDeploymentPostprocessing = 0;
		};
/* End PBXResourcesBuildPhase section */

/* Begin PBXSourcesBuildPhase section */
		43B45216283C990400A37758 /* Sources */ = {
			isa = PBXSourcesBuildPhase;
			buildActionMask = 2147483647;
			files = (
				43C94059283CA15C00DD047B /* AppDelegate.swift in Sources */,
				43B45227283C990800A37758 /* Persistence.swift in Sources */,
				4384A04728446A08008BAB9F /* BottomCurve.swift in Sources */,
				43B45220283C990400A37758 /* ContentView.swift in Sources */,
				43C9405E283CAAD600DD047B /* HomeVM.swift in Sources */,
				43C9405C283CA2CB00DD047B /* NetworkManager.swift in Sources */,
				43B45234283C9B1500A37758 /* Home.swift in Sources */,
				436FFFEF2844B634008011BD /* Stars.swift in Sources */,
				43B4522A283C990800A37758 /* Food_Information.xcdatamodeld in Sources */,
				4357AEB128449D1C005E7944 /* TabBar.swift in Sources */,
				4359CEA828503AB0001626D5 /* LocationManager.swift in Sources */,
				4384A0442844650C008BAB9F /* MaterialEffect.swift in Sources */,
				43B4521E283C990400A37758 /* Food_InformationApp.swift in Sources */,
				436FFFF12845DFF1008011BD /* TabBarVM.swift in Sources */,
			);
			runOnlyForDeploymentPostprocessing = 0;
		};
/* End PBXSourcesBuildPhase section */

/* Begin XCBuildConfiguration section */
		43B4522B283C990800A37758 /* Debug */ = {
			isa = XCBuildConfiguration;
			buildSettings = {
				ALWAYS_SEARCH_USER_PATHS = NO;
				CLANG_ANALYZER_NONNULL = YES;
				CLANG_ANALYZER_NUMBER_OBJECT_CONVERSION = YES_AGGRESSIVE;
				CLANG_CXX_LANGUAGE_STANDARD = "gnu++17";
				CLANG_ENABLE_MODULES = YES;
				CLANG_ENABLE_OBJC_ARC = YES;
				CLANG_ENABLE_OBJC_WEAK = YES;
				CLANG_WARN_BLOCK_CAPTURE_AUTORELEASING = YES;
				CLANG_WARN_BOOL_CONVERSION = YES;
				CLANG_WARN_COMMA = YES;
				CLANG_WARN_CONSTANT_CONVERSION = YES;
				CLANG_WARN_DEPRECATED_OBJC_IMPLEMENTATIONS = YES;
				CLANG_WARN_DIRECT_OBJC_ISA_USAGE = YES_ERROR;
				CLANG_WARN_DOCUMENTATION_COMMENTS = YES;
				CLANG_WARN_EMPTY_BODY = YES;
				CLANG_WARN_ENUM_CONVERSION = YES;
				CLANG_WARN_INFINITE_RECURSION = YES;
				CLANG_WARN_INT_CONVERSION = YES;
				CLANG_WARN_NON_LITERAL_NULL_CONVERSION = YES;
				CLANG_WARN_OBJC_IMPLICIT_RETAIN_SELF = YES;
				CLANG_WARN_OBJC_LITERAL_CONVERSION = YES;
				CLANG_WARN_OBJC_ROOT_CLASS = YES_ERROR;
				CLANG_WARN_QUOTED_INCLUDE_IN_FRAMEWORK_HEADER = YES;
				CLANG_WARN_RANGE_LOOP_ANALYSIS = YES;
				CLANG_WARN_STRICT_PROTOTYPES = YES;
				CLANG_WARN_SUSPICIOUS_MOVE = YES;
				CLANG_WARN_UNGUARDED_AVAILABILITY = YES_AGGRESSIVE;
				CLANG_WARN_UNREACHABLE_CODE = YES;
				CLANG_WARN__DUPLICATE_METHOD_MATCH = YES;
				COPY_PHASE_STRIP = NO;
				DEBUG_INFORMATION_FORMAT = dwarf;
				ENABLE_STRICT_OBJC_MSGSEND = YES;
				ENABLE_TESTABILITY = YES;
				GCC_C_LANGUAGE_STANDARD = gnu11;
				GCC_DYNAMIC_NO_PIC = NO;
				GCC_NO_COMMON_BLOCKS = YES;
				GCC_OPTIMIZATION_LEVEL = 0;
				GCC_PREPROCESSOR_DEFINITIONS = (
					"DEBUG=1",
					"$(inherited)",
				);
				GCC_WARN_64_TO_32_BIT_CONVERSION = YES;
				GCC_WARN_ABOUT_RETURN_TYPE = YES_ERROR;
				GCC_WARN_UNDECLARED_SELECTOR = YES;
				GCC_WARN_UNINITIALIZED_AUTOS = YES_AGGRESSIVE;
				GCC_WARN_UNUSED_FUNCTION = YES;
				GCC_WARN_UNUSED_VARIABLE = YES;
				IPHONEOS_DEPLOYMENT_TARGET = 15.4;
				MTL_ENABLE_DEBUG_INFO = INCLUDE_SOURCE;
				MTL_FAST_MATH = YES;
				ONLY_ACTIVE_ARCH = YES;
				SDKROOT = iphoneos;
				SWIFT_ACTIVE_COMPILATION_CONDITIONS = DEBUG;
				SWIFT_OPTIMIZATION_LEVEL = "-Onone";
			};
			name = Debug;
		};
		43B4522C283C990800A37758 /* Release */ = {
			isa = XCBuildConfiguration;
			buildSettings = {
				ALWAYS_SEARCH_USER_PATHS = NO;
				CLANG_ANALYZER_NONNULL = YES;
				CLANG_ANALYZER_NUMBER_OBJECT_CONVERSION = YES_AGGRESSIVE;
				CLANG_CXX_LANGUAGE_STANDARD = "gnu++17";
				CLANG_ENABLE_MODULES = YES;
				CLANG_ENABLE_OBJC_ARC = YES;
				CLANG_ENABLE_OBJC_WEAK = YES;
				CLANG_WARN_BLOCK_CAPTURE_AUTORELEASING = YES;
				CLANG_WARN_BOOL_CONVERSION = YES;
				CLANG_WARN_COMMA = YES;
				CLANG_WARN_CONSTANT_CONVERSION = YES;
				CLANG_WARN_DEPRECATED_OBJC_IMPLEMENTATIONS = YES;
				CLANG_WARN_DIRECT_OBJC_ISA_USAGE = YES_ERROR;
				CLANG_WARN_DOCUMENTATION_COMMENTS = YES;
				CLANG_WARN_EMPTY_BODY = YES;
				CLANG_WARN_ENUM_CONVERSION = YES;
				CLANG_WARN_INFINITE_RECURSION = YES;
				CLANG_WARN_INT_CONVERSION = YES;
				CLANG_WARN_NON_LITERAL_NULL_CONVERSION = YES;
				CLANG_WARN_OBJC_IMPLICIT_RETAIN_SELF = YES;
				CLANG_WARN_OBJC_LITERAL_CONVERSION = YES;
				CLANG_WARN_OBJC_ROOT_CLASS = YES_ERROR;
				CLANG_WARN_QUOTED_INCLUDE_IN_FRAMEWORK_HEADER = YES;
				CLANG_WARN_RANGE_LOOP_ANALYSIS = YES;
				CLANG_WARN_STRICT_PROTOTYPES = YES;
				CLANG_WARN_SUSPICIOUS_MOVE = YES;
				CLANG_WARN_UNGUARDED_AVAILABILITY = YES_AGGRESSIVE;
				CLANG_WARN_UNREACHABLE_CODE = YES;
				CLANG_WARN__DUPLICATE_METHOD_MATCH = YES;
				COPY_PHASE_STRIP = NO;
				DEBUG_INFORMATION_FORMAT = "dwarf-with-dsym";
				ENABLE_NS_ASSERTIONS = NO;
				ENABLE_STRICT_OBJC_MSGSEND = YES;
				GCC_C_LANGUAGE_STANDARD = gnu11;
				GCC_NO_COMMON_BLOCKS = YES;
				GCC_WARN_64_TO_32_BIT_CONVERSION = YES;
				GCC_WARN_ABOUT_RETURN_TYPE = YES_ERROR;
				GCC_WARN_UNDECLARED_SELECTOR = YES;
				GCC_WARN_UNINITIALIZED_AUTOS = YES_AGGRESSIVE;
				GCC_WARN_UNUSED_FUNCTION = YES;
				GCC_WARN_UNUSED_VARIABLE = YES;
				IPHONEOS_DEPLOYMENT_TARGET = 15.4;
				MTL_ENABLE_DEBUG_INFO = NO;
				MTL_FAST_MATH = YES;
				SDKROOT = iphoneos;
				SWIFT_COMPILATION_MODE = wholemodule;
				SWIFT_OPTIMIZATION_LEVEL = "-O";
				VALIDATE_PRODUCT = YES;
			};
			name = Release;
		};
		43B4522E283C990800A37758 /* Debug */ = {
			isa = XCBuildConfiguration;
			buildSettings = {
				ASSETCATALOG_COMPILER_APPICON_NAME = AppIcon;
				ASSETCATALOG_COMPILER_GLOBAL_ACCENT_COLOR_NAME = AccentColor;
				CODE_SIGN_STYLE = Automatic;
				CURRENT_PROJECT_VERSION = 1;
				DEVELOPMENT_ASSET_PATHS = "\"Food_Information/Preview Content\"";
				DEVELOPMENT_TEAM = Z9F552GN7J;
				ENABLE_PREVIEWS = YES;
				GENERATE_INFOPLIST_FILE = NO;
				INFOPLIST_FILE = /Users/wartank/Desktop/Project/Food_Information/Food_Information/info.plist;
				INFOPLIST_KEY_UIApplicationSceneManifest_Generation = YES;
				INFOPLIST_KEY_UIApplicationSupportsIndirectInputEvents = YES;
				INFOPLIST_KEY_UILaunchScreen_Generation = YES;
				INFOPLIST_KEY_UISupportedInterfaceOrientations_iPad = "UIInterfaceOrientationPortrait UIInterfaceOrientationPortraitUpsideDown UIInterfaceOrientationLandscapeLeft UIInterfaceOrientationLandscapeRight";
				INFOPLIST_KEY_UISupportedInterfaceOrientations_iPhone = "UIInterfaceOrientationPortrait UIInterfaceOrientationLandscapeLeft UIInterfaceOrientationLandscapeRight";
				LD_RUNPATH_SEARCH_PATHS = (
					"$(inherited)",
					"@executable_path/Frameworks",
				);
				MARKETING_VERSION = 1.0;
				PRODUCT_BUNDLE_IDENTIFIER = "com.E7.iOSProject.Food-Information";
				PRODUCT_NAME = "$(TARGET_NAME)";
				SWIFT_EMIT_LOC_STRINGS = YES;
				SWIFT_VERSION = 5.0;
				TARGETED_DEVICE_FAMILY = "1,2";
			};
			name = Debug;
		};
		43B4522F283C990800A37758 /* Release */ = {
			isa = XCBuildConfiguration;
			buildSettings = {
				ASSETCATALOG_COMPILER_APPICON_NAME = AppIcon;
				ASSETCATALOG_COMPILER_GLOBAL_ACCENT_COLOR_NAME = AccentColor;
				CODE_SIGN_STYLE = Automatic;
				CURRENT_PROJECT_VERSION = 1;
				DEVELOPMENT_ASSET_PATHS = "\"Food_Information/Preview Content\"";
				DEVELOPMENT_TEAM = Z9F552GN7J;
				ENABLE_PREVIEWS = YES;
				GENERATE_INFOPLIST_FILE = NO;
				INFOPLIST_FILE = /Users/wartank/Desktop/Project/Food_Information/Food_Information/info.plist;
				INFOPLIST_KEY_UIApplicationSceneManifest_Generation = YES;
				INFOPLIST_KEY_UIApplicationSupportsIndirectInputEvents = YES;
				INFOPLIST_KEY_UILaunchScreen_Generation = YES;
				INFOPLIST_KEY_UISupportedInterfaceOrientations_iPad = "UIInterfaceOrientationPortrait UIInterfaceOrientationPortraitUpsideDown UIInterfaceOrientationLandscapeLeft UIInterfaceOrientationLandscapeRight";
				INFOPLIST_KEY_UISupportedInterfaceOrientations_iPhone = "UIInterfaceOrientationPortrait UIInterfaceOrientationLandscapeLeft UIInterfaceOrientationLandscapeRight";
				LD_RUNPATH_SEARCH_PATHS = (
					"$(inherited)",
					"@executable_path/Frameworks",
				);
				MARKETING_VERSION = 1.0;
				PRODUCT_BUNDLE_IDENTIFIER = "com.E7.iOSProject.Food-Information";
				PRODUCT_NAME = "$(TARGET_NAME)";
				SWIFT_EMIT_LOC_STRINGS = YES;
				SWIFT_VERSION = 5.0;
				TARGETED_DEVICE_FAMILY = "1,2";
			};
			name = Release;
		};
/* End XCBuildConfiguration section */

/* Begin XCConfigurationList section */
		43B45215283C990400A37758 /* Build configuration list for PBXProject "Food_Information" */ = {
			isa = XCConfigurationList;
			buildConfigurations = (
				43B4522B283C990800A37758 /* Debug */,
				43B4522C283C990800A37758 /* Release */,
			);
			defaultConfigurationIsVisible = 0;
			defaultConfigurationName = Release;
		};
		43B4522D283C990800A37758 /* Build configuration list for PBXNativeTarget "Food_Information" */ = {
			isa = XCConfigurationList;
			buildConfigurations = (
				43B4522E283C990800A37758 /* Debug */,
				43B4522F283C990800A37758 /* Release */,
			);
			defaultConfigurationIsVisible = 0;
			defaultConfigurationName = Release;
		};
/* End XCConfigurationList section */

/* Begin XCVersionGroup section */
		43B45228283C990800A37758 /* Food_Information.xcdatamodeld */ = {
			isa = XCVersionGroup;
			children = (
				43B45229283C990800A37758 /* Food_Information.xcdatamodel */,
			);
			currentVersion = 43B45229283C990800A37758 /* Food_Information.xcdatamodel */;
			path = Food_Information.xcdatamodeld;
			sourceTree = "<group>";
			versionGroupType = wrapper.xcdatamodel;
		};
/* End XCVersionGroup section */
	};
	rootObject = 43B45212283C990400A37758 /* Project object */;
}
